{
  "requires": true,
  "lockfileVersion": 1,
  "dependencies": {
    "sweetalert2": {
      "version": "6.8.0",
      "resolved": "https://registry.npmjs.org/sweetalert2/-/sweetalert2-6.8.0.tgz",
      "integrity": "sha512-WpAhV9mBKHSB8ie1LBr7tUCTnB5MizjmV14JBfRx7CRcBDkfnmadtbmSfEKPOgrR3vPkiMYC3xBzja77iJx9ZQ=="
    }
  }
}
